
Microsoft Visual Studio Solution File, Format Version 12.00
# Visual Studio Version 17
VisualStudioVersion = 17.10.35027.167
MinimumVisualStudioVersion = 10.0.40219.1
Project("{9A19103F-16F7-4668-BE54-9A1E7A4F7556}") = "Problem1", "Problem1.csproj", "{9FF61CEF-3E7A-497C-9049-21DEC9D11710}"
EndProject
Project("{9A19103F-16F7-4668-BE54-9A1E7A4F7556}") = "Problem2", "..\Problem2\Problem2.csproj", "{4DE57AB1-B7DE-4914-B70E-C10F580196EB}"
EndProject
Project("{9A19103F-16F7-4668-BE54-9A1E7A4F7556}") = "Problem3", "..\Problem3\Problem3.csproj", "{E9CE97FE-9A8A-45BE-9DF5-2AF3C00CEEF8}"
EndProject
Project("{9A19103F-16F7-4668-BE54-9A1E7A4F7556}") = "Problem4", "..\Problem4\Problem4.csproj", "{8733BBE9-9543-4AE7-A820-60AF4205D95A}"
EndProject
Project("{9A19103F-16F7-4668-BE54-9A1E7A4F7556}") = "Problem5", "..\Problem5\Problem5.csproj", "{D13A5B07-D503-442E-A446-2AACDB741729}"
EndProject
Project("{9A19103F-16F7-4668-BE54-9A1E7A4F7556}") = "Problem6", "..\Problem6\Problem6.csproj", "{6D32C6C5-0102-4D7A-B9A6-A3F6FAA1B589}"
EndProject
Project("{9A19103F-16F7-4668-BE54-9A1E7A4F7556}") = "Problem7", "..\Problem7\Problem7.csproj", "{56A812DD-1E23-4B5C-9304-276A5F30B53C}"
EndProject
Project("{9A19103F-16F7-4668-BE54-9A1E7A4F7556}") = "Problem8", "..\Problem8\Problem8.csproj", "{BA892E7C-69AC-454F-9B4C-444D903906D5}"
EndProject
Project("{9A19103F-16F7-4668-BE54-9A1E7A4F7556}") = "Problem9", "..\Problem9\Problem9.csproj", "{23C75CA4-CD33-4E0C-BF92-E67E96021F28}"
EndProject
Project("{9A19103F-16F7-4668-BE54-9A1E7A4F7556}") = "Problem10", "..\Problem10\Problem10.csproj", "{D9337D2C-FFAC-47D2-8423-6615ED504D92}"
EndProject
Project("{9A19103F-16F7-4668-BE54-9A1E7A4F7556}") = "Problem11", "..\Problem11\Problem11.csproj", "{55BE59A3-1609-42FA-BBEF-2CDE81F8C344}"
EndProject
Project("{9A19103F-16F7-4668-BE54-9A1E7A4F7556}") = "Problem12", "..\Problem12\Problem12.csproj", "{AB6C5EF3-2E3D-4C28-9C36-DEAEEFDC529B}"
EndProject
Project("{9A19103F-16F7-4668-BE54-9A1E7A4F7556}") = "Problem13", "..\Problem13\Problem13.csproj", "{A2F637FF-C841-4217-A891-EF9E1C2DF376}"
EndProject
Project("{9A19103F-16F7-4668-BE54-9A1E7A4F7556}") = "Problem14", "..\Problem14\Problem14.csproj", "{0C7AAB40-0203-4712-87D7-3EC8F3695386}"
EndProject
Project("{9A19103F-16F7-4668-BE54-9A1E7A4F7556}") = "Problem15", "..\Problem15\Problem15.csproj", "{619D7192-44D6-461F-907D-650B876DB78A}"
EndProject
Project("{9A19103F-16F7-4668-BE54-9A1E7A4F7556}") = "Problem16", "..\Problem16\Problem16.csproj", "{36483112-C715-419F-83C9-C3EBEB71223B}"
EndProject
Project("{9A19103F-16F7-4668-BE54-9A1E7A4F7556}") = "Problem17", "..\Problem17\Problem17.csproj", "{0ED19C5F-F8CE-4C3E-94EE-F4D602C8F89C}"
EndProject
Project("{9A19103F-16F7-4668-BE54-9A1E7A4F7556}") = "Problem18", "..\Problem18\Problem18.csproj", "{6862F973-8299-4D0E-A498-8D56621A74F1}"
EndProject
Project("{9A19103F-16F7-4668-BE54-9A1E7A4F7556}") = "Problem19", "..\Problem19\Problem19.csproj", "{134ECE6D-D3E3-45AF-8FFA-726FD4F7F41B}"
EndProject
Project("{9A19103F-16F7-4668-BE54-9A1E7A4F7556}") = "Problem20", "..\Problem20\Problem20.csproj", "{6D4D1A03-1407-43DE-80F8-0E081AFC8F70}"
EndProject
Project("{9A19103F-16F7-4668-BE54-9A1E7A4F7556}") = "Problem21", "..\Problem21\Problem21.csproj", "{D46899BB-4348-4B06-BE09-F7FE614298F7}"
EndProject
Project("{9A19103F-16F7-4668-BE54-9A1E7A4F7556}") = "Problem22", "..\Problem22\Problem22.csproj", "{1F4FD757-1FC4-46CB-826B-606B155B6C38}"
EndProject
Project("{FAE04EC0-301F-11D3-BF4B-00C04F79EFBC}") = "Problem23", "..\Problem23\Problem23.csproj", "{C6E53FB1-AD7F-41BC-AF42-6CBBB6B65B5D}"
EndProject
Project("{FAE04EC0-301F-11D3-BF4B-00C04F79EFBC}") = "Problem24", "..\Problem24\Problem24.csproj", "{3EAAF3D4-2727-46DD-8BE6-1E16020F5C41}"
EndProject
Project("{FAE04EC0-301F-11D3-BF4B-00C04F79EFBC}") = "Problem25", "..\Problem25\Problem25.csproj", "{46AAF323-9F4B-4565-8FC8-76CFC88F208E}"
EndProject
Project("{FAE04EC0-301F-11D3-BF4B-00C04F79EFBC}") = "Problem26", "..\Problem26\Problem26.csproj", "{83D571F8-D5EE-4574-BA43-F85AE75F25BF}"
EndProject
Global
	GlobalSection(SolutionConfigurationPlatforms) = preSolution
		Debug|Any CPU = Debug|Any CPU
		Release|Any CPU = Release|Any CPU
	EndGlobalSection
	GlobalSection(ProjectConfigurationPlatforms) = postSolution
		{9FF61CEF-3E7A-497C-9049-21DEC9D11710}.Debug|Any CPU.ActiveCfg = Debug|Any CPU
		{9FF61CEF-3E7A-497C-9049-21DEC9D11710}.Debug|Any CPU.Build.0 = Debug|Any CPU
		{9FF61CEF-3E7A-497C-9049-21DEC9D11710}.Release|Any CPU.ActiveCfg = Release|Any CPU
		{9FF61CEF-3E7A-497C-9049-21DEC9D11710}.Release|Any CPU.Build.0 = Release|Any CPU
		{4DE57AB1-B7DE-4914-B70E-C10F580196EB}.Debug|Any CPU.ActiveCfg = Debug|Any CPU
		{4DE57AB1-B7DE-4914-B70E-C10F580196EB}.Debug|Any CPU.Build.0 = Debug|Any CPU
		{4DE57AB1-B7DE-4914-B70E-C10F580196EB}.Release|Any CPU.ActiveCfg = Release|Any CPU
		{4DE57AB1-B7DE-4914-B70E-C10F580196EB}.Release|Any CPU.Build.0 = Release|Any CPU
		{E9CE97FE-9A8A-45BE-9DF5-2AF3C00CEEF8}.Debug|Any CPU.ActiveCfg = Debug|Any CPU
		{E9CE97FE-9A8A-45BE-9DF5-2AF3C00CEEF8}.Debug|Any CPU.Build.0 = Debug|Any CPU
		{E9CE97FE-9A8A-45BE-9DF5-2AF3C00CEEF8}.Release|Any CPU.ActiveCfg = Release|Any CPU
		{E9CE97FE-9A8A-45BE-9DF5-2AF3C00CEEF8}.Release|Any CPU.Build.0 = Release|Any CPU
		{8733BBE9-9543-4AE7-A820-60AF4205D95A}.Debug|Any CPU.ActiveCfg = Debug|Any CPU
		{8733BBE9-9543-4AE7-A820-60AF4205D95A}.Debug|Any CPU.Build.0 = Debug|Any CPU
		{8733BBE9-9543-4AE7-A820-60AF4205D95A}.Release|Any CPU.ActiveCfg = Release|Any CPU
		{8733BBE9-9543-4AE7-A820-60AF4205D95A}.Release|Any CPU.Build.0 = Release|Any CPU
		{D13A5B07-D503-442E-A446-2AACDB741729}.Debug|Any CPU.ActiveCfg = Debug|Any CPU
		{D13A5B07-D503-442E-A446-2AACDB741729}.Debug|Any CPU.Build.0 = Debug|Any CPU
		{D13A5B07-D503-442E-A446-2AACDB741729}.Release|Any CPU.ActiveCfg = Release|Any CPU
		{D13A5B07-D503-442E-A446-2AACDB741729}.Release|Any CPU.Build.0 = Release|Any CPU
		{6D32C6C5-0102-4D7A-B9A6-A3F6FAA1B589}.Debug|Any CPU.ActiveCfg = Debug|Any CPU
		{6D32C6C5-0102-4D7A-B9A6-A3F6FAA1B589}.Debug|Any CPU.Build.0 = Debug|Any CPU
		{6D32C6C5-0102-4D7A-B9A6-A3F6FAA1B589}.Release|Any CPU.ActiveCfg = Release|Any CPU
		{6D32C6C5-0102-4D7A-B9A6-A3F6FAA1B589}.Release|Any CPU.Build.0 = Release|Any CPU
		{56A812DD-1E23-4B5C-9304-276A5F30B53C}.Debug|Any CPU.ActiveCfg = Debug|Any CPU
		{56A812DD-1E23-4B5C-9304-276A5F30B53C}.Debug|Any CPU.Build.0 = Debug|Any CPU
		{56A812DD-1E23-4B5C-9304-276A5F30B53C}.Release|Any CPU.ActiveCfg = Release|Any CPU
		{56A812DD-1E23-4B5C-9304-276A5F30B53C}.Release|Any CPU.Build.0 = Release|Any CPU
		{BA892E7C-69AC-454F-9B4C-444D903906D5}.Debug|Any CPU.ActiveCfg = Debug|Any CPU
		{BA892E7C-69AC-454F-9B4C-444D903906D5}.Debug|Any CPU.Build.0 = Debug|Any CPU
		{BA892E7C-69AC-454F-9B4C-444D903906D5}.Release|Any CPU.ActiveCfg = Release|Any CPU
		{BA892E7C-69AC-454F-9B4C-444D903906D5}.Release|Any CPU.Build.0 = Release|Any CPU
		{23C75CA4-CD33-4E0C-BF92-E67E96021F28}.Debug|Any CPU.ActiveCfg = Debug|Any CPU
		{23C75CA4-CD33-4E0C-BF92-E67E96021F28}.Debug|Any CPU.Build.0 = Debug|Any CPU
		{23C75CA4-CD33-4E0C-BF92-E67E96021F28}.Release|Any CPU.ActiveCfg = Release|Any CPU
		{23C75CA4-CD33-4E0C-BF92-E67E96021F28}.Release|Any CPU.Build.0 = Release|Any CPU
		{D9337D2C-FFAC-47D2-8423-6615ED504D92}.Debug|Any CPU.ActiveCfg = Debug|Any CPU
		{D9337D2C-FFAC-47D2-8423-6615ED504D92}.Debug|Any CPU.Build.0 = Debug|Any CPU
		{D9337D2C-FFAC-47D2-8423-6615ED504D92}.Release|Any CPU.ActiveCfg = Release|Any CPU
		{D9337D2C-FFAC-47D2-8423-6615ED504D92}.Release|Any CPU.Build.0 = Release|Any CPU
		{55BE59A3-1609-42FA-BBEF-2CDE81F8C344}.Debug|Any CPU.ActiveCfg = Debug|Any CPU
		{55BE59A3-1609-42FA-BBEF-2CDE81F8C344}.Debug|Any CPU.Build.0 = Debug|Any CPU
		{55BE59A3-1609-42FA-BBEF-2CDE81F8C344}.Release|Any CPU.ActiveCfg = Release|Any CPU
		{55BE59A3-1609-42FA-BBEF-2CDE81F8C344}.Release|Any CPU.Build.0 = Release|Any CPU
		{AB6C5EF3-2E3D-4C28-9C36-DEAEEFDC529B}.Debug|Any CPU.ActiveCfg = Debug|Any CPU
		{AB6C5EF3-2E3D-4C28-9C36-DEAEEFDC529B}.Debug|Any CPU.Build.0 = Debug|Any CPU
		{AB6C5EF3-2E3D-4C28-9C36-DEAEEFDC529B}.Release|Any CPU.ActiveCfg = Release|Any CPU
		{AB6C5EF3-2E3D-4C28-9C36-DEAEEFDC529B}.Release|Any CPU.Build.0 = Release|Any CPU
		{A2F637FF-C841-4217-A891-EF9E1C2DF376}.Debug|Any CPU.ActiveCfg = Debug|Any CPU
		{A2F637FF-C841-4217-A891-EF9E1C2DF376}.Debug|Any CPU.Build.0 = Debug|Any CPU
		{A2F637FF-C841-4217-A891-EF9E1C2DF376}.Release|Any CPU.ActiveCfg = Release|Any CPU
		{A2F637FF-C841-4217-A891-EF9E1C2DF376}.Release|Any CPU.Build.0 = Release|Any CPU
		{0C7AAB40-0203-4712-87D7-3EC8F3695386}.Debug|Any CPU.ActiveCfg = Debug|Any CPU
		{0C7AAB40-0203-4712-87D7-3EC8F3695386}.Debug|Any CPU.Build.0 = Debug|Any CPU
		{0C7AAB40-0203-4712-87D7-3EC8F3695386}.Release|Any CPU.ActiveCfg = Release|Any CPU
		{0C7AAB40-0203-4712-87D7-3EC8F3695386}.Release|Any CPU.Build.0 = Release|Any CPU
		{619D7192-44D6-461F-907D-650B876DB78A}.Debug|Any CPU.ActiveCfg = Debug|Any CPU
		{619D7192-44D6-461F-907D-650B876DB78A}.Debug|Any CPU.Build.0 = Debug|Any CPU
		{619D7192-44D6-461F-907D-650B876DB78A}.Release|Any CPU.ActiveCfg = Release|Any CPU
		{619D7192-44D6-461F-907D-650B876DB78A}.Release|Any CPU.Build.0 = Release|Any CPU
		{36483112-C715-419F-83C9-C3EBEB71223B}.Debug|Any CPU.ActiveCfg = Debug|Any CPU
		{36483112-C715-419F-83C9-C3EBEB71223B}.Debug|Any CPU.Build.0 = Debug|Any CPU
		{36483112-C715-419F-83C9-C3EBEB71223B}.Release|Any CPU.ActiveCfg = Release|Any CPU
		{36483112-C715-419F-83C9-C3EBEB71223B}.Release|Any CPU.Build.0 = Release|Any CPU
		{0ED19C5F-F8CE-4C3E-94EE-F4D602C8F89C}.Debug|Any CPU.ActiveCfg = Debug|Any CPU
		{0ED19C5F-F8CE-4C3E-94EE-F4D602C8F89C}.Debug|Any CPU.Build.0 = Debug|Any CPU
		{0ED19C5F-F8CE-4C3E-94EE-F4D602C8F89C}.Release|Any CPU.ActiveCfg = Release|Any CPU
		{0ED19C5F-F8CE-4C3E-94EE-F4D602C8F89C}.Release|Any CPU.Build.0 = Release|Any CPU
		{6862F973-8299-4D0E-A498-8D56621A74F1}.Debug|Any CPU.ActiveCfg = Debug|Any CPU
		{6862F973-8299-4D0E-A498-8D56621A74F1}.Debug|Any CPU.Build.0 = Debug|Any CPU
		{6862F973-8299-4D0E-A498-8D56621A74F1}.Release|Any CPU.ActiveCfg = Release|Any CPU
		{6862F973-8299-4D0E-A498-8D56621A74F1}.Release|Any CPU.Build.0 = Release|Any CPU
		{134ECE6D-D3E3-45AF-8FFA-726FD4F7F41B}.Debug|Any CPU.ActiveCfg = Debug|Any CPU
		{134ECE6D-D3E3-45AF-8FFA-726FD4F7F41B}.Debug|Any CPU.Build.0 = Debug|Any CPU
		{134ECE6D-D3E3-45AF-8FFA-726FD4F7F41B}.Release|Any CPU.ActiveCfg = Release|Any CPU
		{134ECE6D-D3E3-45AF-8FFA-726FD4F7F41B}.Release|Any CPU.Build.0 = Release|Any CPU
		{6D4D1A03-1407-43DE-80F8-0E081AFC8F70}.Debug|Any CPU.ActiveCfg = Debug|Any CPU
		{6D4D1A03-1407-43DE-80F8-0E081AFC8F70}.Debug|Any CPU.Build.0 = Debug|Any CPU
		{6D4D1A03-1407-43DE-80F8-0E081AFC8F70}.Release|Any CPU.ActiveCfg = Release|Any CPU
		{6D4D1A03-1407-43DE-80F8-0E081AFC8F70}.Release|Any CPU.Build.0 = Release|Any CPU
		{D46899BB-4348-4B06-BE09-F7FE614298F7}.Debug|Any CPU.ActiveCfg = Debug|Any CPU
		{D46899BB-4348-4B06-BE09-F7FE614298F7}.Debug|Any CPU.Build.0 = Debug|Any CPU
		{D46899BB-4348-4B06-BE09-F7FE614298F7}.Release|Any CPU.ActiveCfg = Release|Any CPU
		{D46899BB-4348-4B06-BE09-F7FE614298F7}.Release|Any CPU.Build.0 = Release|Any CPU
		{1F4FD757-1FC4-46CB-826B-606B155B6C38}.Debug|Any CPU.ActiveCfg = Debug|Any CPU
		{1F4FD757-1FC4-46CB-826B-606B155B6C38}.Debug|Any CPU.Build.0 = Debug|Any CPU
		{1F4FD757-1FC4-46CB-826B-606B155B6C38}.Release|Any CPU.ActiveCfg = Release|Any CPU
		{1F4FD757-1FC4-46CB-826B-606B155B6C38}.Release|Any CPU.Build.0 = Release|Any CPU
		{C6E53FB1-AD7F-41BC-AF42-6CBBB6B65B5D}.Debug|Any CPU.ActiveCfg = Debug|Any CPU
		{C6E53FB1-AD7F-41BC-AF42-6CBBB6B65B5D}.Debug|Any CPU.Build.0 = Debug|Any CPU
		{C6E53FB1-AD7F-41BC-AF42-6CBBB6B65B5D}.Release|Any CPU.ActiveCfg = Release|Any CPU
		{C6E53FB1-AD7F-41BC-AF42-6CBBB6B65B5D}.Release|Any CPU.Build.0 = Release|Any CPU
		{3EAAF3D4-2727-46DD-8BE6-1E16020F5C41}.Debug|Any CPU.ActiveCfg = Debug|Any CPU
		{3EAAF3D4-2727-46DD-8BE6-1E16020F5C41}.Debug|Any CPU.Build.0 = Debug|Any CPU
		{3EAAF3D4-2727-46DD-8BE6-1E16020F5C41}.Release|Any CPU.ActiveCfg = Release|Any CPU
		{3EAAF3D4-2727-46DD-8BE6-1E16020F5C41}.Release|Any CPU.Build.0 = Release|Any CPU
		{46AAF323-9F4B-4565-8FC8-76CFC88F208E}.Debug|Any CPU.ActiveCfg = Debug|Any CPU
		{46AAF323-9F4B-4565-8FC8-76CFC88F208E}.Debug|Any CPU.Build.0 = Debug|Any CPU
		{46AAF323-9F4B-4565-8FC8-76CFC88F208E}.Release|Any CPU.ActiveCfg = Release|Any CPU
		{46AAF323-9F4B-4565-8FC8-76CFC88F208E}.Release|Any CPU.Build.0 = Release|Any CPU
		{83D571F8-D5EE-4574-BA43-F85AE75F25BF}.Debug|Any CPU.ActiveCfg = Debug|Any CPU
		{83D571F8-D5EE-4574-BA43-F85AE75F25BF}.Debug|Any CPU.Build.0 = Debug|Any CPU
		{83D571F8-D5EE-4574-BA43-F85AE75F25BF}.Release|Any CPU.ActiveCfg = Release|Any CPU
		{83D571F8-D5EE-4574-BA43-F85AE75F25BF}.Release|Any CPU.Build.0 = Release|Any CPU
	EndGlobalSection
	GlobalSection(SolutionProperties) = preSolution
		HideSolutionNode = FALSE
	EndGlobalSection
	GlobalSection(ExtensibilityGlobals) = postSolution
		SolutionGuid = {E6527ED4-D51E-4D23-8143-F20BB78BF83F}
	EndGlobalSection
EndGlobal
